
Microsoft Visual Studio Solution File, Format Version 12.00
# Visual Studio 15
VisualStudioVersion = 15.0.27428.2037
MinimumVisualStudioVersion = 10.0.40219.1
Project("{FAE04EC0-301F-11D3-BF4B-00C04F79EFBC}") = "LAB5_usePackage", "LAB5_usePackage\LAB5_usePackage.csproj", "{A2705B30-41C5-4A25-A7E8-FAC25256F439}"
EndProject
Global
	GlobalSection(SolutionConfigurationPlatforms) = preSolution
		Debug|Any CPU = Debug|Any CPU
		Release|Any CPU = Release|Any CPU
	EndGlobalSection
	GlobalSection(ProjectConfigurationPlatforms) = postSolution
		{A2705B30-41C5-4A25-A7E8-FAC25256F439}.Debug|Any CPU.ActiveCfg = Debug|Any CPU
		{A2705B30-41C5-4A25-A7E8-FAC25256F439}.Debug|Any CPU.Build.0 = Debug|Any CPU
		{A2705B30-41C5-4A25-A7E8-FAC25256F439}.Release|Any CPU.ActiveCfg = Release|Any CPU
		{A2705B30-41C5-4A25-A7E8-FAC25256F439}.Release|Any CPU.Build.0 = Release|Any CPU
	EndGlobalSection
	GlobalSection(SolutionProperties) = preSolution
		HideSolutionNode = FALSE
	EndGlobalSection
	GlobalSection(ExtensibilityGlobals) = postSolution
		SolutionGuid = {525CA68E-0EB0-4002-B1CB-A30FDFFCDEB6}
	EndGlobalSection
EndGlobal
