
Microsoft Visual Studio Solution File, Format Version 12.00
# Visual Studio 15
VisualStudioVersion = 15.0.27428.2037
MinimumVisualStudioVersion = 10.0.40219.1
Project("{FAE04EC0-301F-11D3-BF4B-00C04F79EFBC}") = "StringLibrary", "StringLibrary\StringLibrary.csproj", "{21A03DE4-D5FD-4061-9E2C-B0ECE869F92E}"
EndProject
Project("{FAE04EC0-301F-11D3-BF4B-00C04F79EFBC}") = "StringLibraryTest", "StringLibraryTest\StringLibraryTest.csproj", "{D4194E77-49A7-4156-A5E4-6C7984E4D7F2}"
EndProject
Project("{FAE04EC0-301F-11D3-BF4B-00C04F79EFBC}") = "ShowCase", "ShowCase\ShowCase.csproj", "{AF10A58A-B266-4C7D-AC3A-410EE2F66D99}"
EndProject
Global
	GlobalSection(SolutionConfigurationPlatforms) = preSolution
		Debug|Any CPU = Debug|Any CPU
		Release|Any CPU = Release|Any CPU
	EndGlobalSection
	GlobalSection(ProjectConfigurationPlatforms) = postSolution
		{21A03DE4-D5FD-4061-9E2C-B0ECE869F92E}.Debug|Any CPU.ActiveCfg = Debug|Any CPU
		{21A03DE4-D5FD-4061-9E2C-B0ECE869F92E}.Debug|Any CPU.Build.0 = Debug|Any CPU
		{21A03DE4-D5FD-4061-9E2C-B0ECE869F92E}.Release|Any CPU.ActiveCfg = Release|Any CPU
		{21A03DE4-D5FD-4061-9E2C-B0ECE869F92E}.Release|Any CPU.Build.0 = Release|Any CPU
		{D4194E77-49A7-4156-A5E4-6C7984E4D7F2}.Debug|Any CPU.ActiveCfg = Debug|Any CPU
		{D4194E77-49A7-4156-A5E4-6C7984E4D7F2}.Debug|Any CPU.Build.0 = Debug|Any CPU
		{D4194E77-49A7-4156-A5E4-6C7984E4D7F2}.Release|Any CPU.ActiveCfg = Release|Any CPU
		{D4194E77-49A7-4156-A5E4-6C7984E4D7F2}.Release|Any CPU.Build.0 = Release|Any CPU
		{AF10A58A-B266-4C7D-AC3A-410EE2F66D99}.Debug|Any CPU.ActiveCfg = Debug|Any CPU
		{AF10A58A-B266-4C7D-AC3A-410EE2F66D99}.Debug|Any CPU.Build.0 = Debug|Any CPU
		{AF10A58A-B266-4C7D-AC3A-410EE2F66D99}.Release|Any CPU.ActiveCfg = Release|Any CPU
		{AF10A58A-B266-4C7D-AC3A-410EE2F66D99}.Release|Any CPU.Build.0 = Release|Any CPU
	EndGlobalSection
	GlobalSection(SolutionProperties) = preSolution
		HideSolutionNode = FALSE
	EndGlobalSection
	GlobalSection(ExtensibilityGlobals) = postSolution
		SolutionGuid = {19E19DF8-7AA9-4EE1-AB45-446EC1BE74FC}
	EndGlobalSection
EndGlobal
